
Microsoft Visual Studio Solution File, Format Version 12.00
# Visual Studio Version 16
VisualStudioVersion = 16.0.28917.181
MinimumVisualStudioVersion = 10.0.40219.1
Project("{FAE04EC0-301F-11D3-BF4B-00C04F79EFBC}") = "Boarding", "Boarding\Boarding.csproj", "{8C90029C-1137-4322-9386-194C88AD5E9B}"
EndProject
Global
	GlobalSection(SolutionConfigurationPlatforms) = preSolution
		Debug|Any CPU = Debug|Any CPU
		Release|Any CPU = Release|Any CPU
	EndGlobalSection
	GlobalSection(ProjectConfigurationPlatforms) = postSolution
		{8C90029C-1137-4322-9386-194C88AD5E9B}.Debug|Any CPU.ActiveCfg = Debug|Any CPU
		{8C90029C-1137-4322-9386-194C88AD5E9B}.Debug|Any CPU.Build.0 = Debug|Any CPU
		{8C90029C-1137-4322-9386-194C88AD5E9B}.Release|Any CPU.ActiveCfg = Release|Any CPU
		{8C90029C-1137-4322-9386-194C88AD5E9B}.Release|Any CPU.Build.0 = Release|Any CPU
	EndGlobalSection
	GlobalSection(SolutionProperties) = preSolution
		HideSolutionNode = FALSE
	EndGlobalSection
	GlobalSection(ExtensibilityGlobals) = postSolution
		SolutionGuid = {5E63F34B-5D46-4BCF-A535-FE5388239D64}
	EndGlobalSection
EndGlobal
